{
  "lib/aztec-packages": {
    "rev": "a99e6090d1b78ae955193eccb440df2792dee8a5"
  },
  "lib/forge-std": {
    "rev": "c7be2a3481f9e51230880bb0949072c7e3a4da82"
  },
  "lib/hyperlane-monorepo": {
    "tag": {
      "name": "v1.5.8",
      "rev": "dc89ee1558f437b5937f9f4694e04048330a990f"
    }
  },
  "lib/lib-keccak": {
    "rev": "b1c60dc34b927e69be7e2281cc07dc065409e1fe"
  },
  "lib/openzeppelin-contracts": {
    "tag": {
      "name": "v5.0.0",
      "rev": "932fddf69a699a9a80fd2396fd1a2ab91cdda123"
    }
  },
  "lib/optimism": {
    "rev": "453240efea1e21d62569e0118f55bc66d3fa2acf"
  },
  "lib/permit2": {
    "rev": "cc56ad0f3439c502c246fc5cfcc3db92bb8b7219"
  },
  "lib/v2-core": {
    "tag": {
      "name": "v1.0.1",
      "rev": "4dd59067c76dea4a0e8e4bfdda41877a6b16dedc"
    }
  },
  "lib/v2-periphery": {
    "rev": "0335e8f7e1bd1e8d8329fd300aea2ef2f36dd19f"
  }
}